{
    "_readme": [
        "This file locks the dependencies of your project to a known state",
        "Read more about it at https://getcomposer.org/doc/01-basic-usage.md#installing-dependencies",
        "This file is @generated automatically"
    ],
    "content-hash": "1423e8a74079cbaaf747072dd69d24dd",
    "packages": [],
    "packages-dev": [
        {
            "name": "symfony/phpunit-bridge",
            "version": "v4.2.5",
            "source": {
                "type": "git",
                "url": "https://github.com/symfony/phpunit-bridge.git",
                "reference": "8796da921e4613352818b478e9bb0803ea0dbb9a"
            },
            "dist": {
                "type": "zip",
                "url": "https://api.github.com/repos/symfony/phpunit-bridge/zipball/8796da921e4613352818b478e9bb0803ea0dbb9a",
                "reference": "8796da921e4613352818b478e9bb0803ea0dbb9a",
                "shasum": ""
            },
            "require": {
                "php": ">=5.3.3"
            },
            "conflict": {
                "phpunit/phpunit": "<4.8.35|<5.4.3,>=5.0"
            },
            "suggest": {
                "symfony/debug": "For tracking deprecated interfaces usages at runtime with DebugClassLoader"
            },
            "bin": [
                "bin/simple-phpunit"
            ],
            "type": "symfony-bridge",
            "extra": {
                "branch-alias": {
                    "dev-master": "4.2-dev"
                },
                "thanks": {
                    "name": "phpunit/phpunit",
                    "url": "https://github.com/sebastianbergmann/phpunit"
                }
            },
            "autoload": {
                "files": [
                    "bootstrap.php"
                ],
                "psr-4": {
                    "Symfony\\Bridge\\PhpUnit\\": ""
                },
                "exclude-from-classmap": [
                    "/Tests/"
                ]
            },
            "notification-url": "https://packagist.org/downloads/",
            "license": [
                "MIT"
            ],
            "authors": [
                {
                    "name": "Nicolas Grekas",
                    "email": "p@tchwork.com"
                },
                {
                    "name": "Symfony Community",
                    "homepage": "https://symfony.com/contributors"
                }
            ],
            "description": "Symfony PHPUnit Bridge",
            "homepage": "https://symfony.com",
            "time": "2019-03-26T20:16:42+00:00"
        }
    ],
    "aliases": [],
    "minimum-stability": "stable",
    "stability-flags": [],
    "prefer-stable": false,
    "prefer-lowest": false,
    "platform": [],
    "platform-dev": []
}
